# This file is automatically @generated by Poetry 1.8.2 and should not be changed by hand.

[[package]]
name = "obd"
version = "0.7.2"
description = "Serial module for handling live sensor data from a vehicle's OBD-II port"
optional = false
python-versions = "*"
files = [
    {file = "obd-0.7.2.tar.gz", hash = "sha256:20d38c9ded3daad1e8affab3ff367a70788d4f29ac77ab7aacddc6a6d2a43d61"},
]

[package.dependencies]
pint = "==0.20.*"
pyserial = "==3.*"

[[package]]
name = "pint"
version = "0.20.1"
description = "Physical quantities module"
optional = false
python-versions = ">=3.8"
files = [
    {file = "Pint-0.20.1-py3-none-any.whl", hash = "sha256:68afe65665542ee3ec99f69f043b1d39bfe7c6d61b786940157138fd08b838fb"},
    {file = "Pint-0.20.1.tar.gz", hash = "sha256:387cf04078dc7dfe4a708033baad54ab61d82ab06c4ee3d4922b1e45d5626067"},
]

[package.extras]
babel = ["babel (<=2.8)"]
dask = ["dask"]
numpy = ["numpy (>=1.19.5)"]
pandas = ["pint-pandas (>=0.3)"]
test = ["pytest", "pytest-cov", "pytest-mpl", "pytest-subtests"]
uncertainties = ["uncertainties (>=3.1.6)"]
xarray = ["xarray"]

[[package]]
name = "pynmeagps"
version = "1.0.36"
description = "NMEA protocol parser and generator"
optional = false
python-versions = ">=3.8"
files = [
    {file = "pynmeagps-1.0.36-py3-none-any.whl", hash = "sha256:f43d4dcd7ded342e8c05b7c220669e20786cd4d91fe86ca3f5f1c01d354ddbe3"},
    {file = "pynmeagps-1.0.36.tar.gz", hash = "sha256:3bad8b7605e7808a358b68d743ea854eb390ee704115f4ce9b12fc2518de2c17"},
]

[package.extras]
deploy = ["build", "pip", "setuptools (>=66.0)", "wheel"]
test = ["Sphinx", "bandit", "black", "isort", "pylint", "pytest", "pytest-cov", "sphinx-rtd-theme"]

[[package]]
name = "pyrtcm"
version = "1.1.1"
description = "RTCM3 protocol parser"
optional = false
python-versions = ">=3.8"
files = [
    {file = "pyrtcm-1.1.1-py3-none-any.whl", hash = "sha256:b9918bcb3fe314602d4099f861eff7675817c39f37c448f2dce8b8006a0f6af7"},
    {file = "pyrtcm-1.1.1.tar.gz", hash = "sha256:b8567ac8db123772907872db602362363c7b5e83a78c5b89a971a928a2b75f67"},
]

[package.extras]
deploy = ["build", "pip", "setuptools (>=66.0)", "wheel"]
test = ["Sphinx", "bandit", "black", "pylint", "pytest", "pytest-cov", "sphinx-rtd-theme"]

[[package]]
name = "pyserial"
version = "3.5"
description = "Python Serial Port Extension"
optional = false
python-versions = "*"
files = [
    {file = "pyserial-3.5-py2.py3-none-any.whl", hash = "sha256:c4451db6ba391ca6ca299fb3ec7bae67a5c55dde170964c7a14ceefec02f2cf0"},
    {file = "pyserial-3.5.tar.gz", hash = "sha256:3c77e014170dfffbd816e6ffc205e9842efb10be9f58ec16d3e8675b4925cddb"},
]

[package.extras]
cp2110 = ["hidapi"]

[[package]]
name = "pyubx2"
version = "1.2.42"
description = "UBX protocol parser and generator"
optional = false
python-versions = ">=3.8"
files = [
    {file = "pyubx2-1.2.42-py3-none-any.whl", hash = "sha256:7eff6e5f93614d6312785d06bbf4cd4bd77cc869d06adced961299480494bb1e"},
    {file = "pyubx2-1.2.42.tar.gz", hash = "sha256:de493f9d1911e15a1d058633f05848a288724937b64cdd1302c911952b2b66a3"},
]

[package.dependencies]
pynmeagps = ">=1.0.36"
pyrtcm = ">=1.1.1"

[package.extras]
deploy = ["build", "pip", "setuptools (>=66.0)", "wheel"]
test = ["Sphinx", "bandit", "black", "isort", "pylint", "pytest", "pytest-cov", "sphinx-rtd-theme"]

[[package]]
name = "smbus2"
version = "0.4.3"
description = "smbus2 is a drop-in replacement for smbus-cffi/smbus-python in pure Python"
optional = false
python-versions = "*"
files = [
    {file = "smbus2-0.4.3-py2.py3-none-any.whl", hash = "sha256:a2fc29cfda4081ead2ed61ef2c4fc041d71dd40a8d917e85216f44786fca2d1d"},
    {file = "smbus2-0.4.3.tar.gz", hash = "sha256:36f2288a8e1a363cb7a7b2244ec98d880eb5a728a2494ac9c71e9de7bf6a803a"},
]

[package.extras]
docs = ["sphinx (>=1.5.3)"]
qa = ["flake8"]
test = ["mock", "nose"]

[metadata]
lock-version = "2.0"
python-versions = "^3.11"
content-hash = "0734c3f262eb66dad3a566a94ca3d7a95e22950d86d0dc180800423511e9058f"
