# This file is automatically @generated by Poetry 1.8.2 and should not be changed by hand.

[[package]]
name = "obd"
version = "0.7.2"
description = "Serial module for handling live sensor data from a vehicle's OBD-II port"
optional = false
python-versions = "*"
files = [
    {file = "obd-0.7.2.tar.gz", hash = "sha256:20d38c9ded3daad1e8affab3ff367a70788d4f29ac77ab7aacddc6a6d2a43d61"},
]

[package.dependencies]
pint = "==0.20.*"
pyserial = "==3.*"

[[package]]
name = "pint"
version = "0.20.1"
description = "Physical quantities module"
optional = false
python-versions = ">=3.8"
files = [
    {file = "Pint-0.20.1-py3-none-any.whl", hash = "sha256:68afe65665542ee3ec99f69f043b1d39bfe7c6d61b786940157138fd08b838fb"},
    {file = "Pint-0.20.1.tar.gz", hash = "sha256:387cf04078dc7dfe4a708033baad54ab61d82ab06c4ee3d4922b1e45d5626067"},
]

[package.extras]
babel = ["babel (<=2.8)"]
dask = ["dask"]
numpy = ["numpy (>=1.19.5)"]
pandas = ["pint-pandas (>=0.3)"]
test = ["pytest", "pytest-cov", "pytest-mpl", "pytest-subtests"]
uncertainties = ["uncertainties (>=3.1.6)"]
xarray = ["xarray"]

[[package]]
name = "pyserial"
version = "3.5"
description = "Python Serial Port Extension"
optional = false
python-versions = "*"
files = [
    {file = "pyserial-3.5-py2.py3-none-any.whl", hash = "sha256:c4451db6ba391ca6ca299fb3ec7bae67a5c55dde170964c7a14ceefec02f2cf0"},
    {file = "pyserial-3.5.tar.gz", hash = "sha256:3c77e014170dfffbd816e6ffc205e9842efb10be9f58ec16d3e8675b4925cddb"},
]

[package.extras]
cp2110 = ["hidapi"]

[metadata]
lock-version = "2.0"
python-versions = "^3.11"
content-hash = "21f8bc6a506ac710f34b0b637360edf672c6686358db0d9885e3287016cd7044"
